
Microsoft Visual Studio Solution File, Format Version 12.00
# Visual Studio Version 16
VisualStudioVersion = 16.0.31424.327
MinimumVisualStudioVersion = 10.0.40219.1
Project("{9A19103F-16F7-4668-BE54-9A1E7A4F7556}") = "Learn.DotNet", "learn.dotnet\Learn.DotNet.csproj", "{9AB85329-71AD-4BBD-903B-F37A1F54D8F8}"
EndProject
Project("{9A19103F-16F7-4668-BE54-9A1E7A4F7556}") = "Learn.DotNet.ConsoleApp", "learn.dotnet.ConsoleApp\Learn.DotNet.ConsoleApp.csproj", "{1C65A616-ECF2-4FA1-839A-9C2091891E45}"
EndProject
Project("{9A19103F-16F7-4668-BE54-9A1E7A4F7556}") = "Learn.DotNet.Design.Patterns", "learn.dotnet.design.patterns\Learn.DotNet.Design.Patterns.csproj", "{0885F189-2B30-4A77-8A6D-02A3394B51AB}"
EndProject
Project("{FAE04EC0-301F-11D3-BF4B-00C04F79EFBC}") = "Learn.DotNet.Design.Patterns.Tests", "Learn.DotNet.Design.Patterns.Tests\Learn.DotNet.Design.Patterns.Tests.csproj", "{9055A508-F307-4B99-93E6-5D040BAB99C5}"
EndProject
Project("{FAE04EC0-301F-11D3-BF4B-00C04F79EFBC}") = "Learn.DotNet.Tests", "Learn.DotNet.Tests\Learn.DotNet.Tests.csproj", "{C42B0071-FF00-4EFF-9CFC-C2DDA3E1821A}"
EndProject
Global
	GlobalSection(SolutionConfigurationPlatforms) = preSolution
		Debug|Any CPU = Debug|Any CPU
		Release|Any CPU = Release|Any CPU
	EndGlobalSection
	GlobalSection(ProjectConfigurationPlatforms) = postSolution
		{9AB85329-71AD-4BBD-903B-F37A1F54D8F8}.Debug|Any CPU.ActiveCfg = Debug|Any CPU
		{9AB85329-71AD-4BBD-903B-F37A1F54D8F8}.Debug|Any CPU.Build.0 = Debug|Any CPU
		{9AB85329-71AD-4BBD-903B-F37A1F54D8F8}.Release|Any CPU.ActiveCfg = Release|Any CPU
		{9AB85329-71AD-4BBD-903B-F37A1F54D8F8}.Release|Any CPU.Build.0 = Release|Any CPU
		{1C65A616-ECF2-4FA1-839A-9C2091891E45}.Debug|Any CPU.ActiveCfg = Debug|Any CPU
		{1C65A616-ECF2-4FA1-839A-9C2091891E45}.Debug|Any CPU.Build.0 = Debug|Any CPU
		{1C65A616-ECF2-4FA1-839A-9C2091891E45}.Release|Any CPU.ActiveCfg = Release|Any CPU
		{1C65A616-ECF2-4FA1-839A-9C2091891E45}.Release|Any CPU.Build.0 = Release|Any CPU
		{0885F189-2B30-4A77-8A6D-02A3394B51AB}.Debug|Any CPU.ActiveCfg = Debug|Any CPU
		{0885F189-2B30-4A77-8A6D-02A3394B51AB}.Debug|Any CPU.Build.0 = Debug|Any CPU
		{0885F189-2B30-4A77-8A6D-02A3394B51AB}.Release|Any CPU.ActiveCfg = Release|Any CPU
		{0885F189-2B30-4A77-8A6D-02A3394B51AB}.Release|Any CPU.Build.0 = Release|Any CPU
		{9055A508-F307-4B99-93E6-5D040BAB99C5}.Debug|Any CPU.ActiveCfg = Debug|Any CPU
		{9055A508-F307-4B99-93E6-5D040BAB99C5}.Debug|Any CPU.Build.0 = Debug|Any CPU
		{9055A508-F307-4B99-93E6-5D040BAB99C5}.Release|Any CPU.ActiveCfg = Release|Any CPU
		{9055A508-F307-4B99-93E6-5D040BAB99C5}.Release|Any CPU.Build.0 = Release|Any CPU
		{C42B0071-FF00-4EFF-9CFC-C2DDA3E1821A}.Debug|Any CPU.ActiveCfg = Debug|Any CPU
		{C42B0071-FF00-4EFF-9CFC-C2DDA3E1821A}.Debug|Any CPU.Build.0 = Debug|Any CPU
		{C42B0071-FF00-4EFF-9CFC-C2DDA3E1821A}.Release|Any CPU.ActiveCfg = Release|Any CPU
		{C42B0071-FF00-4EFF-9CFC-C2DDA3E1821A}.Release|Any CPU.Build.0 = Release|Any CPU
	EndGlobalSection
	GlobalSection(SolutionProperties) = preSolution
		HideSolutionNode = FALSE
	EndGlobalSection
	GlobalSection(ExtensibilityGlobals) = postSolution
		SolutionGuid = {CAAD5AF0-6FFE-478E-8E9B-F2057053F8AE}
	EndGlobalSection
EndGlobal
